<?xml version="1.0" encoding="utf-8"?>
<Project ToolsVersion="4.0" xmlns="http://schemas.microsoft.com/developer/msbuild/2003">
  <ItemGroup>
    <Filter Include="资源文件">
      <UniqueIdentifier>{67DA6AB6-F800-4c08-8B7A-83BB121AAD01}</UniqueIdentifier>
      <Extensions>rc;ico;cur;bmp;dlg;rc2;rct;bin;rgs;gif;jpg;jpeg;jpe;resx;tiff;tif;png;wav;mfcribbon-ms</Extensions>
    </Filter>
  </ItemGroup>
  <ItemGroup>
    <ClInclude Include="include\algorithm\Algorithm.h" />
    <ClInclude Include="include\allocator\Alloc.h" />
    <ClInclude Include="include\allocator\Allocator.h" />
    <ClInclude Include="include\container\my_list.h" />
    <ClInclude Include="include\container\my_map.h" />
    <ClInclude Include="include\container\my_set.h" />
    <ClInclude Include="include\container\my_vector.h" />
    <ClInclude Include="include\container\my_queue.h" />
    <ClInclude Include="include\container\my_stack.h" />
    <ClInclude Include="include\container\my_deque.h" />
    <ClInclude Include="include\container\my_easy_unordered_set.h" />
    <ClInclude Include="include\base\hashtable.h" />
    <ClInclude Include="include\container\my_string.h" />
    <ClInclude Include="include\base\RBTree.h" />
  </ItemGroup>
  <ItemGroup>
    <ClCompile Include="include\main.cpp" />
  </ItemGroup>
</Project>